
Microsoft Visual Studio Solution File, Format Version 10.00
# Visual C# Express 2008
Project("{FAE04EC0-301F-11D3-BF4B-00C04F79EFBC}") = "balanceTest", "balanceTest\balanceTest.csproj", "{431B4E45-7624-4D07-A733-EF393B91558C}"
EndProject
Global
	GlobalSection(SolutionConfigurationPlatforms) = preSolution
		Debug|Any CPU = Debug|Any CPU
		Release|Any CPU = Release|Any CPU
	EndGlobalSection
	GlobalSection(ProjectConfigurationPlatforms) = postSolution
		{431B4E45-7624-4D07-A733-EF393B91558C}.Debug|Any CPU.ActiveCfg = Debug|Any CPU
		{431B4E45-7624-4D07-A733-EF393B91558C}.Debug|Any CPU.Build.0 = Debug|Any CPU
		{431B4E45-7624-4D07-A733-EF393B91558C}.Release|Any CPU.ActiveCfg = Release|Any CPU
		{431B4E45-7624-4D07-A733-EF393B91558C}.Release|Any CPU.Build.0 = Release|Any CPU
	EndGlobalSection
	GlobalSection(SolutionProperties) = preSolution
		HideSolutionNode = FALSE
	EndGlobalSection
EndGlobal
